
Microsoft Visual Studio Solution File, Format Version 12.00
# Visual Studio Version 16
VisualStudioVersion = 16.0.31205.134
MinimumVisualStudioVersion = 10.0.40219.1
Project("{FAE04EC0-301F-11D3-BF4B-00C04F79EFBC}") = "wepr0.core", "wepr0.core\wepr0.core.csproj", "{D87A866D-ED56-4313-B1E7-40A8F67FF12F}"
EndProject
Project("{FAE04EC0-301F-11D3-BF4B-00C04F79EFBC}") = "wepr0.api", "wepr0.api\wepr0.api.csproj", "{AC8F483C-DF9D-4E14-98F1-A6B896D7BBD5}"
EndProject
Project("{FAE04EC0-301F-11D3-BF4B-00C04F79EFBC}") = "wepr0.console", "wepr0.console\wepr0.console.csproj", "{293A5101-F591-4A12-A90D-9D5D1EC60B84}"
EndProject
Global
	GlobalSection(SolutionConfigurationPlatforms) = preSolution
		Debug|Any CPU = Debug|Any CPU
		Release|Any CPU = Release|Any CPU
	EndGlobalSection
	GlobalSection(ProjectConfigurationPlatforms) = postSolution
		{D87A866D-ED56-4313-B1E7-40A8F67FF12F}.Debug|Any CPU.ActiveCfg = Debug|Any CPU
		{D87A866D-ED56-4313-B1E7-40A8F67FF12F}.Debug|Any CPU.Build.0 = Debug|Any CPU
		{D87A866D-ED56-4313-B1E7-40A8F67FF12F}.Release|Any CPU.ActiveCfg = Release|Any CPU
		{D87A866D-ED56-4313-B1E7-40A8F67FF12F}.Release|Any CPU.Build.0 = Release|Any CPU
		{AC8F483C-DF9D-4E14-98F1-A6B896D7BBD5}.Debug|Any CPU.ActiveCfg = Debug|Any CPU
		{AC8F483C-DF9D-4E14-98F1-A6B896D7BBD5}.Debug|Any CPU.Build.0 = Debug|Any CPU
		{AC8F483C-DF9D-4E14-98F1-A6B896D7BBD5}.Release|Any CPU.ActiveCfg = Release|Any CPU
		{AC8F483C-DF9D-4E14-98F1-A6B896D7BBD5}.Release|Any CPU.Build.0 = Release|Any CPU
		{293A5101-F591-4A12-A90D-9D5D1EC60B84}.Debug|Any CPU.ActiveCfg = Debug|Any CPU
		{293A5101-F591-4A12-A90D-9D5D1EC60B84}.Debug|Any CPU.Build.0 = Debug|Any CPU
		{293A5101-F591-4A12-A90D-9D5D1EC60B84}.Release|Any CPU.ActiveCfg = Release|Any CPU
		{293A5101-F591-4A12-A90D-9D5D1EC60B84}.Release|Any CPU.Build.0 = Release|Any CPU
	EndGlobalSection
	GlobalSection(SolutionProperties) = preSolution
		HideSolutionNode = FALSE
	EndGlobalSection
	GlobalSection(ExtensibilityGlobals) = postSolution
		SolutionGuid = {CC9C96D5-1E9D-4296-B22C-09B191BFFFF7}
	EndGlobalSection
EndGlobal
